// !$*UTF8*$!
{
	archiveVersion = 1;
	classes = {
	};
	objectVersion = 50;
	objects = {

/* Begin PBXBuildFile section */
		670A01DD2527211F005A16E2 /* UI_9App.swift in Sources */ = {isa = PBXBuildFile; fileRef = 670A01DC2527211F005A16E2 /* UI_9App.swift */; };
		670A01DF2527211F005A16E2 /* ContentView.swift in Sources */ = {isa = PBXBuildFile; fileRef = 670A01DE2527211F005A16E2 /* ContentView.swift */; };
		670A01E12527211F005A16E2 /* Assets.xcassets in Resources */ = {isa = PBXBuildFile; fileRef = 670A01E02527211F005A16E2 /* Assets.xcassets */; };
		670A01E42527211F005A16E2 /* Preview Assets.xcassets in Resources */ = {isa = PBXBuildFile; fileRef = 670A01E32527211F005A16E2 /* Preview Assets.xcassets */; };
		670A01EF2527211F005A16E2 /* UI_9Tests.swift in Sources */ = {isa = PBXBuildFile; fileRef = 670A01EE2527211F005A16E2 /* UI_9Tests.swift */; };
		670A01FA25272120005A16E2 /* UI_9UITests.swift in Sources */ = {isa = PBXBuildFile; fileRef = 670A01F925272120005A16E2 /* UI_9UITests.swift */; };
/* End PBXBuildFile section */

/* Begin PBXContainerItemProxy section */
		670A01EB2527211F005A16E2 /* PBXContainerItemProxy */ = {
			isa = PBXContainerItemProxy;
			containerPortal = 670A01D12527211F005A16E2 /* Project object */;
			proxyType = 1;
			remoteGlobalIDString = 670A01D82527211F005A16E2;
			remoteInfo = "UI-9";
		};
		670A01F625272120005A16E2 /* PBXContainerItemProxy */ = {
			isa = PBXContainerItemProxy;
			containerPortal = 670A01D12527211F005A16E2 /* Project object */;
			proxyType = 1;
			remoteGlobalIDString = 670A01D82527211F005A16E2;
			remoteInfo = "UI-9";
		};
/* End PBXContainerItemProxy section */

/* Begin PBXFileReference section */
		670A01D92527211F005A16E2 /* UI-9.app */ = {isa = PBXFileReference; explicitFileType = wrapper.application; includeInIndex = 0; path = "UI-9.app"; sourceTree = BUILT_PRODUCTS_DIR; };
		670A01DC2527211F005A16E2 /* UI_9App.swift */ = {isa = PBXFileReference; lastKnownFileType = sourcecode.swift; path = UI_9App.swift; sourceTree = "<group>"; };
		670A01DE2527211F005A16E2 /* ContentView.swift */ = {isa = PBXFileReference; lastKnownFileType = sourcecode.swift; path = ContentView.swift; sourceTree = "<group>"; };
		670A01E02527211F005A16E2 /* Assets.xcassets */ = {isa = PBXFileReference; lastKnownFileType = folder.assetcatalog; path = Assets.xcassets; sourceTree = "<group>"; };
		670A01E32527211F005A16E2 /* Preview Assets.xcassets */ = {isa = PBXFileReference; lastKnownFileType = folder.assetcatalog; path = "Preview Assets.xcassets"; sourceTree = "<group>"; };
		670A01E52527211F005A16E2 /* Info.plist */ = {isa = PBXFileReference; lastKnownFileType = text.plist.xml; path = Info.plist; sourceTree = "<group>"; };
		670A01EA2527211F005A16E2 /* UI-9Tests.xctest */ = {isa = PBXFileReference; explicitFileType = wrapper.cfbundle; includeInIndex = 0; path = "UI-9Tests.xctest"; sourceTree = BUILT_PRODUCTS_DIR; };
		670A01EE2527211F005A16E2 /* UI_9Tests.swift */ = {isa = PBXFileReference; lastKnownFileType = sourcecode.swift; path = UI_9Tests.swift; sourceTree = "<group>"; };
		670A01F02527211F005A16E2 /* Info.plist */ = {isa = PBXFileReference; lastKnownFileType = text.plist.xml; path = Info.plist; sourceTree = "<group>"; };
		670A01F525272120005A16E2 /* UI-9UITests.xctest */ = {isa = PBXFileReference; explicitFileType = wrapper.cfbundle; includeInIndex = 0; path = "UI-9UITests.xctest"; sourceTree = BUILT_PRODUCTS_DIR; };
		670A01F925272120005A16E2 /* UI_9UITests.swift */ = {isa = PBXFileReference; lastKnownFileType = sourcecode.swift; path = UI_9UITests.swift; sourceTree = "<group>"; };
		670A01FB25272120005A16E2 /* Info.plist */ = {isa = PBXFileReference; lastKnownFileType = text.plist.xml; path = Info.plist; sourceTree = "<group>"; };
/* End PBXFileReference section */

/* Begin PBXFrameworksBuildPhase section */
		670A01D62527211F005A16E2 /* Frameworks */ = {
			isa = PBXFrameworksBuildPhase;
			buildActionMask = 2147483647;
			files = (
			);
			runOnlyForDeploymentPostprocessing = 0;
		};
		670A01E72527211F005A16E2 /* Frameworks */ = {
			isa = PBXFrameworksBuildPhase;
			buildActionMask = 2147483647;
			files = (
			);
			runOnlyForDeploymentPostprocessing = 0;
		};
		670A01F225272120005A16E2 /* Frameworks */ = {
			isa = PBXFrameworksBuildPhase;
			buildActionMask = 2147483647;
			files = (
			);
			runOnlyForDeploymentPostprocessing = 0;
		};
/* End PBXFrameworksBuildPhase section */

/* Begin PBXGroup section */
		670A01D02527211F005A16E2 = {
			isa = PBXGroup;
			children = (
				670A01DB2527211F005A16E2 /* UI-9 */,
				670A01ED2527211F005A16E2 /* UI-9Tests */,
				670A01F825272120005A16E2 /* UI-9UITests */,
				670A01DA2527211F005A16E2 /* Products */,
			);
			sourceTree = "<group>";
		};
		670A01DA2527211F005A16E2 /* Products */ = {
			isa = PBXGroup;
			children = (
				670A01D92527211F005A16E2 /* UI-9.app */,
				670A01EA2527211F005A16E2 /* UI-9Tests.xctest */,
				670A01F525272120005A16E2 /* UI-9UITests.xctest */,
			);
			name = Products;
			sourceTree = "<group>";
		};
		670A01DB2527211F005A16E2 /* UI-9 */ = {
			isa = PBXGroup;
			children = (
				670A01DC2527211F005A16E2 /* UI_9App.swift */,
				670A01DE2527211F005A16E2 /* ContentView.swift */,
				670A01E02527211F005A16E2 /* Assets.xcassets */,
				670A01E52527211F005A16E2 /* Info.plist */,
				670A01E22527211F005A16E2 /* Preview Content */,
			);
			path = "UI-9";
			sourceTree = "<group>";
		};
		670A01E22527211F005A16E2 /* Preview Content */ = {
			isa = PBXGroup;
			children = (
				670A01E32527211F005A16E2 /* Preview Assets.xcassets */,
			);
			path = "Preview Content";
			sourceTree = "<group>";
		};
		670A01ED2527211F005A16E2 /* UI-9Tests */ = {
			isa = PBXGroup;
			children = (
				670A01EE2527211F005A16E2 /* UI_9Tests.swift */,
				670A01F02527211F005A16E2 /* Info.plist */,
			);
			path = "UI-9Tests";
			sourceTree = "<group>";
		};
		670A01F825272120005A16E2 /* UI-9UITests */ = {
			isa = PBXGroup;
			children = (
				670A01F925272120005A16E2 /* UI_9UITests.swift */,
				670A01FB25272120005A16E2 /* Info.plist */,
			);
			path = "UI-9UITests";
			sourceTree = "<group>";
		};
/* End PBXGroup section */

/* Begin PBXNativeTarget section */
		670A01D82527211F005A16E2 /* UI-9 */ = {
			isa = PBXNativeTarget;
			buildConfigurationList = 670A01FE25272120005A16E2 /* Build configuration list for PBXNativeTarget "UI-9" */;
			buildPhases = (
				670A01D52527211F005A16E2 /* Sources */,
				670A01D62527211F005A16E2 /* Frameworks */,
				670A01D72527211F005A16E2 /* Resources */,
			);
			buildRules = (
			);
			dependencies = (
			);
			name = "UI-9";
			productName = "UI-9";
			productReference = 670A01D92527211F005A16E2 /* UI-9.app */;
			productType = "com.apple.product-type.application";
		};
		670A01E92527211F005A16E2 /* UI-9Tests */ = {
			isa = PBXNativeTarget;
			buildConfigurationList = 670A020125272120005A16E2 /* Build configuration list for PBXNativeTarget "UI-9Tests" */;
			buildPhases = (
				670A01E62527211F005A16E2 /* Sources */,
				670A01E72527211F005A16E2 /* Frameworks */,
				670A01E82527211F005A16E2 /* Resources */,
			);
			buildRules = (
			);
			dependencies = (
				670A01EC2527211F005A16E2 /* PBXTargetDependency */,
			);
			name = "UI-9Tests";
			productName = "UI-9Tests";
			productReference = 670A01EA2527211F005A16E2 /* UI-9Tests.xctest */;
			productType = "com.apple.product-type.bundle.unit-test";
		};
		670A01F425272120005A16E2 /* UI-9UITests */ = {
			isa = PBXNativeTarget;
			buildConfigurationList = 670A020425272120005A16E2 /* Build configuration list for PBXNativeTarget "UI-9UITests" */;
			buildPhases = (
				670A01F125272120005A16E2 /* Sources */,
				670A01F225272120005A16E2 /* Frameworks */,
				670A01F325272120005A16E2 /* Resources */,
			);
			buildRules = (
			);
			dependencies = (
				670A01F725272120005A16E2 /* PBXTargetDependency */,
			);
			name = "UI-9UITests";
			productName = "UI-9UITests";
			productReference = 670A01F525272120005A16E2 /* UI-9UITests.xctest */;
			productType = "com.apple.product-type.bundle.ui-testing";
		};
/* End PBXNativeTarget section */

/* Begin PBXProject section */
		670A01D12527211F005A16E2 /* Project object */ = {
			isa = PBXProject;
			attributes = {
				LastSwiftUpdateCheck = 1200;
				LastUpgradeCheck = 1200;
				TargetAttributes = {
					670A01D82527211F005A16E2 = {
						CreatedOnToolsVersion = 12.0.1;
					};
					670A01E92527211F005A16E2 = {
						CreatedOnToolsVersion = 12.0.1;
						TestTargetID = 670A01D82527211F005A16E2;
					};
					670A01F425272120005A16E2 = {
						CreatedOnToolsVersion = 12.0.1;
						TestTargetID = 670A01D82527211F005A16E2;
					};
				};
			};
			buildConfigurationList = 670A01D42527211F005A16E2 /* Build configuration list for PBXProject "UI-9" */;
			compatibilityVersion = "Xcode 9.3";
			developmentRegion = en;
			hasScannedForEncodings = 0;
			knownRegions = (
				en,
				Base,
			);
			mainGroup = 670A01D02527211F005A16E2;
			productRefGroup = 670A01DA2527211F005A16E2 /* Products */;
			projectDirPath = "";
			projectRoot = "";
			targets = (
				670A01D82527211F005A16E2 /* UI-9 */,
				670A01E92527211F005A16E2 /* UI-9Tests */,
				670A01F425272120005A16E2 /* UI-9UITests */,
			);
		};
/* End PBXProject section */

/* Begin PBXResourcesBuildPhase section */
		670A01D72527211F005A16E2 /* Resources */ = {
			isa = PBXResourcesBuildPhase;
			buildActionMask = 2147483647;
			files = (
				670A01E42527211F005A16E2 /* Preview Assets.xcassets in Resources */,
				670A01E12527211F005A16E2 /* Assets.xcassets in Resources */,
			);
			runOnlyForDeploymentPostprocessing = 0;
		};
		670A01E82527211F005A16E2 /* Resources */ = {
			isa = PBXResourcesBuildPhase;
			buildActionMask = 2147483647;
			files = (
			);
			runOnlyForDeploymentPostprocessing = 0;
		};
		670A01F325272120005A16E2 /* Resources */ = {
			isa = PBXResourcesBuildPhase;
			buildActionMask = 2147483647;
			files = (
			);
			runOnlyForDeploymentPostprocessing = 0;
		};
/* End PBXResourcesBuildPhase section */

/* Begin PBXSourcesBuildPhase section */
		670A01D52527211F005A16E2 /* Sources */ = {
			isa = PBXSourcesBuildPhase;
			buildActionMask = 2147483647;
			files = (
				670A01DF2527211F005A16E2 /* ContentView.swift in Sources */,
				670A01DD2527211F005A16E2 /* UI_9App.swift in Sources */,
			);
			runOnlyForDeploymentPostprocessing = 0;
		};
		670A01E62527211F005A16E2 /* Sources */ = {
			isa = PBXSourcesBuildPhase;
			buildActionMask = 2147483647;
			files = (
				670A01EF2527211F005A16E2 /* UI_9Tests.swift in Sources */,
			);
			runOnlyForDeploymentPostprocessing = 0;
		};
		670A01F125272120005A16E2 /* Sources */ = {
			isa = PBXSourcesBuildPhase;
			buildActionMask = 2147483647;
			files = (
				670A01FA25272120005A16E2 /* UI_9UITests.swift in Sources */,
			);
			runOnlyForDeploymentPostprocessing = 0;
		};
/* End PBXSourcesBuildPhase section */

/* Begin PBXTargetDependency section */
		670A01EC2527211F005A16E2 /* PBXTargetDependency */ = {
			isa = PBXTargetDependency;
			target = 670A01D82527211F005A16E2 /* UI-9 */;
			targetProxy = 670A01EB2527211F005A16E2 /* PBXContainerItemProxy */;
		};
		670A01F725272120005A16E2 /* PBXTargetDependency */ = {
			isa = PBXTargetDependency;
			target = 670A01D82527211F005A16E2 /* UI-9 */;
			targetProxy = 670A01F625272120005A16E2 /* PBXContainerItemProxy */;
		};
/* End PBXTargetDependency section */

/* Begin XCBuildConfiguration section */
		670A01FC25272120005A16E2 /* Debug */ = {
			isa = XCBuildConfiguration;
			buildSettings = {
				ALWAYS_SEARCH_USER_PATHS = NO;
				CLANG_ANALYZER_NONNULL = YES;
				CLANG_ANALYZER_NUMBER_OBJECT_CONVERSION = YES_AGGRESSIVE;
				CLANG_CXX_LANGUAGE_STANDARD = "gnu++14";
				CLANG_CXX_LIBRARY = "libc++";
				CLANG_ENABLE_MODULES = YES;
				CLANG_ENABLE_OBJC_ARC = YES;
				CLANG_ENABLE_OBJC_WEAK = YES;
				CLANG_WARN_BLOCK_CAPTURE_AUTORELEASING = YES;
				CLANG_WARN_BOOL_CONVERSION = YES;
				CLANG_WARN_COMMA = YES;
				CLANG_WARN_CONSTANT_CONVERSION = YES;
				CLANG_WARN_DEPRECATED_OBJC_IMPLEMENTATIONS = YES;
				CLANG_WARN_DIRECT_OBJC_ISA_USAGE = YES_ERROR;
				CLANG_WARN_DOCUMENTATION_COMMENTS = YES;
				CLANG_WARN_EMPTY_BODY = YES;
				CLANG_WARN_ENUM_CONVERSION = YES;
				CLANG_WARN_INFINITE_RECURSION = YES;
				CLANG_WARN_INT_CONVERSION = YES;
				CLANG_WARN_NON_LITERAL_NULL_CONVERSION = YES;
				CLANG_WARN_OBJC_IMPLICIT_RETAIN_SELF = YES;
				CLANG_WARN_OBJC_LITERAL_CONVERSION = YES;
				CLANG_WARN_OBJC_ROOT_CLASS = YES_ERROR;
				CLANG_WARN_QUOTED_INCLUDE_IN_FRAMEWORK_HEADER = YES;
				CLANG_WARN_RANGE_LOOP_ANALYSIS = YES;
				CLANG_WARN_STRICT_PROTOTYPES = YES;
				CLANG_WARN_SUSPICIOUS_MOVE = YES;
				CLANG_WARN_UNGUARDED_AVAILABILITY = YES_AGGRESSIVE;
				CLANG_WARN_UNREACHABLE_CODE = YES;
				CLANG_WARN__DUPLICATE_METHOD_MATCH = YES;
				COPY_PHASE_STRIP = NO;
				DEBUG_INFORMATION_FORMAT = dwarf;
				ENABLE_STRICT_OBJC_MSGSEND = YES;
				ENABLE_TESTABILITY = YES;
				GCC_C_LANGUAGE_STANDARD = gnu11;
				GCC_DYNAMIC_NO_PIC = NO;
				GCC_NO_COMMON_BLOCKS = YES;
				GCC_OPTIMIZATION_LEVEL = 0;
				GCC_PREPROCESSOR_DEFINITIONS = (
					"DEBUG=1",
					"$(inherited)",
				);
				GCC_WARN_64_TO_32_BIT_CONVERSION = YES;
				GCC_WARN_ABOUT_RETURN_TYPE = YES_ERROR;
				GCC_WARN_UNDECLARED_SELECTOR = YES;
				GCC_WARN_UNINITIALIZED_AUTOS = YES_AGGRESSIVE;
				GCC_WARN_UNUSED_FUNCTION = YES;
				GCC_WARN_UNUSED_VARIABLE = YES;
				IPHONEOS_DEPLOYMENT_TARGET = 14.0;
				MTL_ENABLE_DEBUG_INFO = INCLUDE_SOURCE;
				MTL_FAST_MATH = YES;
				ONLY_ACTIVE_ARCH = YES;
				SDKROOT = iphoneos;
				SWIFT_ACTIVE_COMPILATION_CONDITIONS = DEBUG;
				SWIFT_OPTIMIZATION_LEVEL = "-Onone";
			};
			name = Debug;
		};
		670A01FD25272120005A16E2 /* Release */ = {
			isa = XCBuildConfiguration;
			buildSettings = {
				ALWAYS_SEARCH_USER_PATHS = NO;
				CLANG_ANALYZER_NONNULL = YES;
				CLANG_ANALYZER_NUMBER_OBJECT_CONVERSION = YES_AGGRESSIVE;
				CLANG_CXX_LANGUAGE_STANDARD = "gnu++14";
				CLANG_CXX_LIBRARY = "libc++";
				CLANG_ENABLE_MODULES = YES;
				CLANG_ENABLE_OBJC_ARC = YES;
				CLANG_ENABLE_OBJC_WEAK = YES;
				CLANG_WARN_BLOCK_CAPTURE_AUTORELEASING = YES;
				CLANG_WARN_BOOL_CONVERSION = YES;
				CLANG_WARN_COMMA = YES;
				CLANG_WARN_CONSTANT_CONVERSION = YES;
				CLANG_WARN_DEPRECATED_OBJC_IMPLEMENTATIONS = YES;
				CLANG_WARN_DIRECT_OBJC_ISA_USAGE = YES_ERROR;
				CLANG_WARN_DOCUMENTATION_COMMENTS = YES;
				CLANG_WARN_EMPTY_BODY = YES;
				CLANG_WARN_ENUM_CONVERSION = YES;
				CLANG_WARN_INFINITE_RECURSION = YES;
				CLANG_WARN_INT_CONVERSION = YES;
				CLANG_WARN_NON_LITERAL_NULL_CONVERSION = YES;
				CLANG_WARN_OBJC_IMPLICIT_RETAIN_SELF = YES;
				CLANG_WARN_OBJC_LITERAL_CONVERSION = YES;
				CLANG_WARN_OBJC_ROOT_CLASS = YES_ERROR;
				CLANG_WARN_QUOTED_INCLUDE_IN_FRAMEWORK_HEADER = YES;
				CLANG_WARN_RANGE_LOOP_ANALYSIS = YES;
				CLANG_WARN_STRICT_PROTOTYPES = YES;
				CLANG_WARN_SUSPICIOUS_MOVE = YES;
				CLANG_WARN_UNGUARDED_AVAILABILITY = YES_AGGRESSIVE;
				CLANG_WARN_UNREACHABLE_CODE = YES;
				CLANG_WARN__DUPLICATE_METHOD_MATCH = YES;
				COPY_PHASE_STRIP = NO;
				DEBUG_INFORMATION_FORMAT = "dwarf-with-dsym";
				ENABLE_NS_ASSERTIONS = NO;
				ENABLE_STRICT_OBJC_MSGSEND = YES;
				GCC_C_LANGUAGE_STANDARD = gnu11;
				GCC_NO_COMMON_BLOCKS = YES;
				GCC_WARN_64_TO_32_BIT_CONVERSION = YES;
				GCC_WARN_ABOUT_RETURN_TYPE = YES_ERROR;
				GCC_WARN_UNDECLARED_SELECTOR = YES;
				GCC_WARN_UNINITIALIZED_AUTOS = YES_AGGRESSIVE;
				GCC_WARN_UNUSED_FUNCTION = YES;
				GCC_WARN_UNUSED_VARIABLE = YES;
				IPHONEOS_DEPLOYMENT_TARGET = 14.0;
				MTL_ENABLE_DEBUG_INFO = NO;
				MTL_FAST_MATH = YES;
				SDKROOT = iphoneos;
				SWIFT_COMPILATION_MODE = wholemodule;
				SWIFT_OPTIMIZATION_LEVEL = "-O";
				VALIDATE_PRODUCT = YES;
			};
			name = Release;
		};
		670A01FF25272120005A16E2 /* Debug */ = {
			isa = XCBuildConfiguration;
			buildSettings = {
				ASSETCATALOG_COMPILER_APPICON_NAME = AppIcon;
				ASSETCATALOG_COMPILER_GLOBAL_ACCENT_COLOR_NAME = AccentColor;
				CODE_SIGN_STYLE = Automatic;
				DEVELOPMENT_ASSET_PATHS = "\"UI-9/Preview Content\"";
				ENABLE_PREVIEWS = YES;
				INFOPLIST_FILE = "UI-9/Info.plist";
				IPHONEOS_DEPLOYMENT_TARGET = 14.0;
				LD_RUNPATH_SEARCH_PATHS = (
					"$(inherited)",
					"@executable_path/Frameworks",
				);
				PRODUCT_BUNDLE_IDENTIFIER = "com.uzu.UI-9";
				PRODUCT_NAME = "$(TARGET_NAME)";
				SWIFT_VERSION = 5.0;
				TARGETED_DEVICE_FAMILY = "1,2";
			};
			name = Debug;
		};
		670A020025272120005A16E2 /* Release */ = {
			isa = XCBuildConfiguration;
			buildSettings = {
				ASSETCATALOG_COMPILER_APPICON_NAME = AppIcon;
				ASSETCATALOG_COMPILER_GLOBAL_ACCENT_COLOR_NAME = AccentColor;
				CODE_SIGN_STYLE = Automatic;
				DEVELOPMENT_ASSET_PATHS = "\"UI-9/Preview Content\"";
				ENABLE_PREVIEWS = YES;
				INFOPLIST_FILE = "UI-9/Info.plist";
				IPHONEOS_DEPLOYMENT_TARGET = 14.0;
				LD_RUNPATH_SEARCH_PATHS = (
					"$(inherited)",
					"@executable_path/Frameworks",
				);
				PRODUCT_BUNDLE_IDENTIFIER = "com.uzu.UI-9";
				PRODUCT_NAME = "$(TARGET_NAME)";
				SWIFT_VERSION = 5.0;
				TARGETED_DEVICE_FAMILY = "1,2";
			};
			name = Release;
		};
		670A020225272120005A16E2 /* Debug */ = {
			isa = XCBuildConfiguration;
			buildSettings = {
				ALWAYS_EMBED_SWIFT_STANDARD_LIBRARIES = YES;
				BUNDLE_LOADER = "$(TEST_HOST)";
				CODE_SIGN_STYLE = Automatic;
				INFOPLIST_FILE = "UI-9Tests/Info.plist";
				IPHONEOS_DEPLOYMENT_TARGET = 14.0;
				LD_RUNPATH_SEARCH_PATHS = (
					"$(inherited)",
					"@executable_path/Frameworks",
					"@loader_path/Frameworks",
				);
				PRODUCT_BUNDLE_IDENTIFIER = "com.uzu.UI-9Tests";
				PRODUCT_NAME = "$(TARGET_NAME)";
				SWIFT_VERSION = 5.0;
				TARGETED_DEVICE_FAMILY = "1,2";
				TEST_HOST = "$(BUILT_PRODUCTS_DIR)/UI-9.app/UI-9";
			};
			name = Debug;
		};
		670A020325272120005A16E2 /* Release */ = {
			isa = XCBuildConfiguration;
			buildSettings = {
				ALWAYS_EMBED_SWIFT_STANDARD_LIBRARIES = YES;
				BUNDLE_LOADER = "$(TEST_HOST)";
				CODE_SIGN_STYLE = Automatic;
				INFOPLIST_FILE = "UI-9Tests/Info.plist";
				IPHONEOS_DEPLOYMENT_TARGET = 14.0;
				LD_RUNPATH_SEARCH_PATHS = (
					"$(inherited)",
					"@executable_path/Frameworks",
					"@loader_path/Frameworks",
				);
				PRODUCT_BUNDLE_IDENTIFIER = "com.uzu.UI-9Tests";
				PRODUCT_NAME = "$(TARGET_NAME)";
				SWIFT_VERSION = 5.0;
				TARGETED_DEVICE_FAMILY = "1,2";
				TEST_HOST = "$(BUILT_PRODUCTS_DIR)/UI-9.app/UI-9";
			};
			name = Release;
		};
		670A020525272120005A16E2 /* Debug */ = {
			isa = XCBuildConfiguration;
			buildSettings = {
				ALWAYS_EMBED_SWIFT_STANDARD_LIBRARIES = YES;
				CODE_SIGN_STYLE = Automatic;
				INFOPLIST_FILE = "UI-9UITests/Info.plist";
				LD_RUNPATH_SEARCH_PATHS = (
					"$(inherited)",
					"@executable_path/Frameworks",
					"@loader_path/Frameworks",
				);
				PRODUCT_BUNDLE_IDENTIFIER = "com.uzu.UI-9UITests";
				PRODUCT_NAME = "$(TARGET_NAME)";
				SWIFT_VERSION = 5.0;
				TARGETED_DEVICE_FAMILY = "1,2";
				TEST_TARGET_NAME = "UI-9";
			};
			name = Debug;
		};
		670A020625272120005A16E2 /* Release */ = {
			isa = XCBuildConfiguration;
			buildSettings = {
				ALWAYS_EMBED_SWIFT_STANDARD_LIBRARIES = YES;
				CODE_SIGN_STYLE = Automatic;
				INFOPLIST_FILE = "UI-9UITests/Info.plist";
				LD_RUNPATH_SEARCH_PATHS = (
					"$(inherited)",
					"@executable_path/Frameworks",
					"@loader_path/Frameworks",
				);
				PRODUCT_BUNDLE_IDENTIFIER = "com.uzu.UI-9UITests";
				PRODUCT_NAME = "$(TARGET_NAME)";
				SWIFT_VERSION = 5.0;
				TARGETED_DEVICE_FAMILY = "1,2";
				TEST_TARGET_NAME = "UI-9";
			};
			name = Release;
		};
/* End XCBuildConfiguration section */

/* Begin XCConfigurationList section */
		670A01D42527211F005A16E2 /* Build configuration list for PBXProject "UI-9" */ = {
			isa = XCConfigurationList;
			buildConfigurations = (
				670A01FC25272120005A16E2 /* Debug */,
				670A01FD25272120005A16E2 /* Release */,
			);
			defaultConfigurationIsVisible = 0;
			defaultConfigurationName = Release;
		};
		670A01FE25272120005A16E2 /* Build configuration list for PBXNativeTarget "UI-9" */ = {
			isa = XCConfigurationList;
			buildConfigurations = (
				670A01FF25272120005A16E2 /* Debug */,
				670A020025272120005A16E2 /* Release */,
			);
			defaultConfigurationIsVisible = 0;
			defaultConfigurationName = Release;
		};
		670A020125272120005A16E2 /* Build configuration list for PBXNativeTarget "UI-9Tests" */ = {
			isa = XCConfigurationList;
			buildConfigurations = (
				670A020225272120005A16E2 /* Debug */,
				670A020325272120005A16E2 /* Release */,
			);
			defaultConfigurationIsVisible = 0;
			defaultConfigurationName = Release;
		};
		670A020425272120005A16E2 /* Build configuration list for PBXNativeTarget "UI-9UITests" */ = {
			isa = XCConfigurationList;
			buildConfigurations = (
				670A020525272120005A16E2 /* Debug */,
				670A020625272120005A16E2 /* Release */,
			);
			defaultConfigurationIsVisible = 0;
			defaultConfigurationName = Release;
		};
/* End XCConfigurationList section */
	};
	rootObject = 670A01D12527211F005A16E2 /* Project object */;
}
